
Microsoft Visual Studio Solution File, Format Version 12.00
# Visual Studio Version 17
VisualStudioVersion = 17.8.34322.80
MinimumVisualStudioVersion = 10.0.40219.1
Project("{FAE04EC0-301F-11D3-BF4B-00C04F79EFBC}") = "01.TempleOfDoom", "01.TempleOfDoom\01.TempleOfDoom.csproj", "{02BBECE4-C1B9-49A2-BB2F-B46D8269151C}"
EndProject
Project("{FAE04EC0-301F-11D3-BF4B-00C04F79EFBC}") = "02. ChickenSnack", "02. ChickenSnack\02. ChickenSnack.csproj", "{D1413673-7601-4A67-9833-68C2247A550B}"
EndProject
Project("{FAE04EC0-301F-11D3-BF4B-00C04F79EFBC}") = "03.WormsAndHoles", "03.WormsAndHoles\03.WormsAndHoles.csproj", "{51C72577-4078-400E-A0C7-BD6A4CDF45BD}"
EndProject
Project("{FAE04EC0-301F-11D3-BF4B-00C04F79EFBC}") = "04.MonsterExtermination", "04.MonsterExtermination\04.MonsterExtermination.csproj", "{B25E0C81-4D2D-4A5A-83CF-5764DD32CE2A}"
EndProject
Global
	GlobalSection(SolutionConfigurationPlatforms) = preSolution
		Debug|Any CPU = Debug|Any CPU
		Release|Any CPU = Release|Any CPU
	EndGlobalSection
	GlobalSection(ProjectConfigurationPlatforms) = postSolution
		{02BBECE4-C1B9-49A2-BB2F-B46D8269151C}.Debug|Any CPU.ActiveCfg = Debug|Any CPU
		{02BBECE4-C1B9-49A2-BB2F-B46D8269151C}.Debug|Any CPU.Build.0 = Debug|Any CPU
		{02BBECE4-C1B9-49A2-BB2F-B46D8269151C}.Release|Any CPU.ActiveCfg = Release|Any CPU
		{02BBECE4-C1B9-49A2-BB2F-B46D8269151C}.Release|Any CPU.Build.0 = Release|Any CPU
		{D1413673-7601-4A67-9833-68C2247A550B}.Debug|Any CPU.ActiveCfg = Debug|Any CPU
		{D1413673-7601-4A67-9833-68C2247A550B}.Debug|Any CPU.Build.0 = Debug|Any CPU
		{D1413673-7601-4A67-9833-68C2247A550B}.Release|Any CPU.ActiveCfg = Release|Any CPU
		{D1413673-7601-4A67-9833-68C2247A550B}.Release|Any CPU.Build.0 = Release|Any CPU
		{51C72577-4078-400E-A0C7-BD6A4CDF45BD}.Debug|Any CPU.ActiveCfg = Debug|Any CPU
		{51C72577-4078-400E-A0C7-BD6A4CDF45BD}.Debug|Any CPU.Build.0 = Debug|Any CPU
		{51C72577-4078-400E-A0C7-BD6A4CDF45BD}.Release|Any CPU.ActiveCfg = Release|Any CPU
		{51C72577-4078-400E-A0C7-BD6A4CDF45BD}.Release|Any CPU.Build.0 = Release|Any CPU
		{B25E0C81-4D2D-4A5A-83CF-5764DD32CE2A}.Debug|Any CPU.ActiveCfg = Debug|Any CPU
		{B25E0C81-4D2D-4A5A-83CF-5764DD32CE2A}.Debug|Any CPU.Build.0 = Debug|Any CPU
		{B25E0C81-4D2D-4A5A-83CF-5764DD32CE2A}.Release|Any CPU.ActiveCfg = Release|Any CPU
		{B25E0C81-4D2D-4A5A-83CF-5764DD32CE2A}.Release|Any CPU.Build.0 = Release|Any CPU
	EndGlobalSection
	GlobalSection(SolutionProperties) = preSolution
		HideSolutionNode = FALSE
	EndGlobalSection
	GlobalSection(ExtensibilityGlobals) = postSolution
		SolutionGuid = {CEF9B7D1-4F56-4DDB-A354-02617465B817}
	EndGlobalSection
EndGlobal
